
Microsoft Visual Studio Solution File, Format Version 12.00
# Visual Studio Version 16
VisualStudioVersion = 16.0.30503.244
MinimumVisualStudioVersion = 10.0.40219.1
Project("{FAE04EC0-301F-11D3-BF4B-00C04F79EFBC}") = "TestWaze.Android", "TestWaze\TestWaze.Android\TestWaze.Android.csproj", "{F17657F4-8C8C-42BD-A96D-D136AD8128FF}"
EndProject
Project("{FAE04EC0-301F-11D3-BF4B-00C04F79EFBC}") = "TestWaze.iOS", "TestWaze\TestWaze.iOS\TestWaze.iOS.csproj", "{DF7AF926-BC0E-45CE-8541-ABC69304D1A0}"
EndProject
Project("{FAE04EC0-301F-11D3-BF4B-00C04F79EFBC}") = "TestWaze", "TestWaze\TestWaze\TestWaze.csproj", "{39BFA255-8699-4F65-BB36-0D22FDD2F8E6}"
EndProject
Global
	GlobalSection(SolutionConfigurationPlatforms) = preSolution
		Debug|Any CPU = Debug|Any CPU
		Debug|iPhone = Debug|iPhone
		Debug|iPhoneSimulator = Debug|iPhoneSimulator
		Release|Any CPU = Release|Any CPU
		Release|iPhone = Release|iPhone
		Release|iPhoneSimulator = Release|iPhoneSimulator
	EndGlobalSection
	GlobalSection(ProjectConfigurationPlatforms) = postSolution
		{F17657F4-8C8C-42BD-A96D-D136AD8128FF}.Debug|Any CPU.ActiveCfg = Debug|Any CPU
		{F17657F4-8C8C-42BD-A96D-D136AD8128FF}.Debug|Any CPU.Build.0 = Debug|Any CPU
		{F17657F4-8C8C-42BD-A96D-D136AD8128FF}.Debug|Any CPU.Deploy.0 = Debug|Any CPU
		{F17657F4-8C8C-42BD-A96D-D136AD8128FF}.Debug|iPhone.ActiveCfg = Debug|Any CPU
		{F17657F4-8C8C-42BD-A96D-D136AD8128FF}.Debug|iPhone.Build.0 = Debug|Any CPU
		{F17657F4-8C8C-42BD-A96D-D136AD8128FF}.Debug|iPhone.Deploy.0 = Debug|Any CPU
		{F17657F4-8C8C-42BD-A96D-D136AD8128FF}.Debug|iPhoneSimulator.ActiveCfg = Debug|Any CPU
		{F17657F4-8C8C-42BD-A96D-D136AD8128FF}.Debug|iPhoneSimulator.Build.0 = Debug|Any CPU
		{F17657F4-8C8C-42BD-A96D-D136AD8128FF}.Debug|iPhoneSimulator.Deploy.0 = Debug|Any CPU
		{F17657F4-8C8C-42BD-A96D-D136AD8128FF}.Release|Any CPU.ActiveCfg = Release|Any CPU
		{F17657F4-8C8C-42BD-A96D-D136AD8128FF}.Release|Any CPU.Build.0 = Release|Any CPU
		{F17657F4-8C8C-42BD-A96D-D136AD8128FF}.Release|Any CPU.Deploy.0 = Release|Any CPU
		{F17657F4-8C8C-42BD-A96D-D136AD8128FF}.Release|iPhone.ActiveCfg = Release|Any CPU
		{F17657F4-8C8C-42BD-A96D-D136AD8128FF}.Release|iPhone.Build.0 = Release|Any CPU
		{F17657F4-8C8C-42BD-A96D-D136AD8128FF}.Release|iPhone.Deploy.0 = Release|Any CPU
		{F17657F4-8C8C-42BD-A96D-D136AD8128FF}.Release|iPhoneSimulator.ActiveCfg = Release|Any CPU
		{F17657F4-8C8C-42BD-A96D-D136AD8128FF}.Release|iPhoneSimulator.Build.0 = Release|Any CPU
		{F17657F4-8C8C-42BD-A96D-D136AD8128FF}.Release|iPhoneSimulator.Deploy.0 = Release|Any CPU
		{DF7AF926-BC0E-45CE-8541-ABC69304D1A0}.Debug|Any CPU.ActiveCfg = Debug|iPhone
		{DF7AF926-BC0E-45CE-8541-ABC69304D1A0}.Debug|Any CPU.Build.0 = Debug|iPhone
		{DF7AF926-BC0E-45CE-8541-ABC69304D1A0}.Debug|Any CPU.Deploy.0 = Debug|iPhone
		{DF7AF926-BC0E-45CE-8541-ABC69304D1A0}.Debug|iPhone.ActiveCfg = Debug|iPhone
		{DF7AF926-BC0E-45CE-8541-ABC69304D1A0}.Debug|iPhone.Build.0 = Debug|iPhone
		{DF7AF926-BC0E-45CE-8541-ABC69304D1A0}.Debug|iPhone.Deploy.0 = Debug|iPhone
		{DF7AF926-BC0E-45CE-8541-ABC69304D1A0}.Debug|iPhoneSimulator.ActiveCfg = Debug|iPhoneSimulator
		{DF7AF926-BC0E-45CE-8541-ABC69304D1A0}.Debug|iPhoneSimulator.Build.0 = Debug|iPhoneSimulator
		{DF7AF926-BC0E-45CE-8541-ABC69304D1A0}.Debug|iPhoneSimulator.Deploy.0 = Debug|iPhoneSimulator
		{DF7AF926-BC0E-45CE-8541-ABC69304D1A0}.Release|Any CPU.ActiveCfg = Release|iPhoneSimulator
		{DF7AF926-BC0E-45CE-8541-ABC69304D1A0}.Release|Any CPU.Build.0 = Release|iPhoneSimulator
		{DF7AF926-BC0E-45CE-8541-ABC69304D1A0}.Release|Any CPU.Deploy.0 = Release|iPhoneSimulator
		{DF7AF926-BC0E-45CE-8541-ABC69304D1A0}.Release|iPhone.ActiveCfg = Release|iPhone
		{DF7AF926-BC0E-45CE-8541-ABC69304D1A0}.Release|iPhone.Build.0 = Release|iPhone
		{DF7AF926-BC0E-45CE-8541-ABC69304D1A0}.Release|iPhone.Deploy.0 = Release|iPhone
		{DF7AF926-BC0E-45CE-8541-ABC69304D1A0}.Release|iPhoneSimulator.ActiveCfg = Release|iPhoneSimulator
		{DF7AF926-BC0E-45CE-8541-ABC69304D1A0}.Release|iPhoneSimulator.Build.0 = Release|iPhoneSimulator
		{DF7AF926-BC0E-45CE-8541-ABC69304D1A0}.Release|iPhoneSimulator.Deploy.0 = Release|iPhoneSimulator
		{39BFA255-8699-4F65-BB36-0D22FDD2F8E6}.Debug|Any CPU.ActiveCfg = Debug|Any CPU
		{39BFA255-8699-4F65-BB36-0D22FDD2F8E6}.Debug|Any CPU.Build.0 = Debug|Any CPU
		{39BFA255-8699-4F65-BB36-0D22FDD2F8E6}.Debug|Any CPU.Deploy.0 = Debug|Any CPU
		{39BFA255-8699-4F65-BB36-0D22FDD2F8E6}.Debug|iPhone.ActiveCfg = Debug|Any CPU
		{39BFA255-8699-4F65-BB36-0D22FDD2F8E6}.Debug|iPhone.Build.0 = Debug|Any CPU
		{39BFA255-8699-4F65-BB36-0D22FDD2F8E6}.Debug|iPhone.Deploy.0 = Debug|Any CPU
		{39BFA255-8699-4F65-BB36-0D22FDD2F8E6}.Debug|iPhoneSimulator.ActiveCfg = Debug|Any CPU
		{39BFA255-8699-4F65-BB36-0D22FDD2F8E6}.Debug|iPhoneSimulator.Build.0 = Debug|Any CPU
		{39BFA255-8699-4F65-BB36-0D22FDD2F8E6}.Debug|iPhoneSimulator.Deploy.0 = Debug|Any CPU
		{39BFA255-8699-4F65-BB36-0D22FDD2F8E6}.Release|Any CPU.ActiveCfg = Release|Any CPU
		{39BFA255-8699-4F65-BB36-0D22FDD2F8E6}.Release|Any CPU.Build.0 = Release|Any CPU
		{39BFA255-8699-4F65-BB36-0D22FDD2F8E6}.Release|Any CPU.Deploy.0 = Release|Any CPU
		{39BFA255-8699-4F65-BB36-0D22FDD2F8E6}.Release|iPhone.ActiveCfg = Release|Any CPU
		{39BFA255-8699-4F65-BB36-0D22FDD2F8E6}.Release|iPhone.Build.0 = Release|Any CPU
		{39BFA255-8699-4F65-BB36-0D22FDD2F8E6}.Release|iPhone.Deploy.0 = Release|Any CPU
		{39BFA255-8699-4F65-BB36-0D22FDD2F8E6}.Release|iPhoneSimulator.ActiveCfg = Release|Any CPU
		{39BFA255-8699-4F65-BB36-0D22FDD2F8E6}.Release|iPhoneSimulator.Build.0 = Release|Any CPU
		{39BFA255-8699-4F65-BB36-0D22FDD2F8E6}.Release|iPhoneSimulator.Deploy.0 = Release|Any CPU
	EndGlobalSection
	GlobalSection(SolutionProperties) = preSolution
		HideSolutionNode = FALSE
	EndGlobalSection
	GlobalSection(ExtensibilityGlobals) = postSolution
		SolutionGuid = {26DFC083-9391-4FB4-997D-4099AB915826}
	EndGlobalSection
EndGlobal
